{
  "requires": true,
  "lockfileVersion": 1,
  "dependencies": {
    "buzzer-music": {
      "version": "git+https://github.com/niklauslee/buzzer-music.git#3370d38b0bfec573f3abdfc7063e05592c9739c2",
      "from": "git+https://github.com/niklauslee/buzzer-music.git"
    },
    "simple-fonts": {
      "version": "git+https://github.com/niklauslee/simple-fonts.git#3468836d918214eeadfe783e13c084a339a05fd3",
      "from": "git+https://github.com/niklauslee/simple-fonts.git"
    },
    "st7735": {
      "version": "git+https://github.com/niklauslee/st7735.git#ff9766f0bca8b66ca8c0d71bd94e7165f59c7100",
      "from": "git+https://github.com/niklauslee/st7735.git"
    }
  }
}
